{
  "name": "fiducia-infra",
  "version": "0.1.0",
  "lockfileVersion": 3,
  "requires": true,
  "packages": {
    "": {
      "name": "fiducia-infra",
      "version": "0.1.0",
      "dependencies": {
        "@fiducia/interfaces": "file:../fiducia-interfaces"
      }
    },
    "../fiducia-interfaces": {
      "name": "@fiducia/interfaces",
      "version": "0.1.0"
    },
    "node_modules/@fiducia/interfaces": {
      "resolved": "../fiducia-interfaces",
      "link": true
    }
  }
}
